
Microsoft Visual Studio Solution File, Format Version 12.00
# Visual Studio Version 18
VisualStudioVersion = 18.6.11806.211
MinimumVisualStudioVersion = 10.0.40219.1
Project("{2150E333-8FDC-42A3-9474-1A3956D46DE8}") = "ServiceAndPackage", "ServiceAndPackage", "{3BBD4BDD-3C74-495E-AA7B-BB81A45C23E6}"
EndProject
Project("{FAE04EC0-301F-11D3-BF4B-00C04F79EFBC}") = "FAST.Gate.Client", "FAST.Gate.Client\FAST.Gate.Client.csproj", "{FC33D4E4-1D17-4D94-82C5-622E6E330655}"
EndProject
Project("{FAE04EC0-301F-11D3-BF4B-00C04F79EFBC}") = "FAST.Gate", "FAST.Gate\FAST.Gate.csproj", "{3301E59C-F0EB-4849-A32B-B69A3DB63658}"
EndProject
Project("{FAE04EC0-301F-11D3-BF4B-00C04F79EFBC}") = "FAST.Gate.Admin", "FAST.Gate.Admin\FAST.Gate.Admin.csproj", "{2260BCE3-A89D-91C8-4363-283E56555657}"
EndProject
Global
	GlobalSection(SolutionConfigurationPlatforms) = preSolution
		Debug|Any CPU = Debug|Any CPU
		Release|Any CPU = Release|Any CPU
	EndGlobalSection
	GlobalSection(ProjectConfigurationPlatforms) = postSolution
		{FC33D4E4-1D17-4D94-82C5-622E6E330655}.Debug|Any CPU.ActiveCfg = Debug|Any CPU
		{FC33D4E4-1D17-4D94-82C5-622E6E330655}.Debug|Any CPU.Build.0 = Debug|Any CPU
		{FC33D4E4-1D17-4D94-82C5-622E6E330655}.Release|Any CPU.ActiveCfg = Release|Any CPU
		{FC33D4E4-1D17-4D94-82C5-622E6E330655}.Release|Any CPU.Build.0 = Release|Any CPU
		{3301E59C-F0EB-4849-A32B-B69A3DB63658}.Debug|Any CPU.ActiveCfg = Debug|Any CPU
		{3301E59C-F0EB-4849-A32B-B69A3DB63658}.Debug|Any CPU.Build.0 = Debug|Any CPU
		{3301E59C-F0EB-4849-A32B-B69A3DB63658}.Release|Any CPU.ActiveCfg = Release|Any CPU
		{3301E59C-F0EB-4849-A32B-B69A3DB63658}.Release|Any CPU.Build.0 = Release|Any CPU
		{2260BCE3-A89D-91C8-4363-283E56555657}.Debug|Any CPU.ActiveCfg = Debug|Any CPU
		{2260BCE3-A89D-91C8-4363-283E56555657}.Debug|Any CPU.Build.0 = Debug|Any CPU
		{2260BCE3-A89D-91C8-4363-283E56555657}.Release|Any CPU.ActiveCfg = Release|Any CPU
		{2260BCE3-A89D-91C8-4363-283E56555657}.Release|Any CPU.Build.0 = Release|Any CPU
	EndGlobalSection
	GlobalSection(SolutionProperties) = preSolution
		HideSolutionNode = FALSE
	EndGlobalSection
	GlobalSection(NestedProjects) = preSolution
		{FC33D4E4-1D17-4D94-82C5-622E6E330655} = {3BBD4BDD-3C74-495E-AA7B-BB81A45C23E6}
		{3301E59C-F0EB-4849-A32B-B69A3DB63658} = {3BBD4BDD-3C74-495E-AA7B-BB81A45C23E6}
	EndGlobalSection
	GlobalSection(ExtensibilityGlobals) = postSolution
		SolutionGuid = {062B8A8D-F8DF-406B-B911-90CFF3875BB1}
	EndGlobalSection
EndGlobal
